
Microsoft Visual Studio Solution File, Format Version 12.00
# Visual Studio 15
VisualStudioVersion = 15.0.26730.8
MinimumVisualStudioVersion = 10.0.40219.1
Project("{FAE04EC0-301F-11D3-BF4B-00C04F79EFBC}") = "GeoFenceWebAPI", "GeoFenceWebAPI\GeoFenceWebAPI.csproj", "{312538A5-B9A9-414F-94CF-727BE2353B81}"
EndProject
Global
	GlobalSection(SolutionConfigurationPlatforms) = preSolution
		Debug|Any CPU = Debug|Any CPU
		Release|Any CPU = Release|Any CPU
	EndGlobalSection
	GlobalSection(ProjectConfigurationPlatforms) = postSolution
		{312538A5-B9A9-414F-94CF-727BE2353B81}.Debug|Any CPU.ActiveCfg = Debug|Any CPU
		{312538A5-B9A9-414F-94CF-727BE2353B81}.Debug|Any CPU.Build.0 = Debug|Any CPU
		{312538A5-B9A9-414F-94CF-727BE2353B81}.Release|Any CPU.ActiveCfg = Release|Any CPU
		{312538A5-B9A9-414F-94CF-727BE2353B81}.Release|Any CPU.Build.0 = Release|Any CPU
	EndGlobalSection
	GlobalSection(SolutionProperties) = preSolution
		HideSolutionNode = FALSE
	EndGlobalSection
	GlobalSection(ExtensibilityGlobals) = postSolution
		SolutionGuid = {9F6297D2-8CCA-4934-85E4-912649DAA0C8}
	EndGlobalSection
EndGlobal
